
Microsoft Visual Studio Solution File, Format Version 12.00
# Visual Studio Version 16
VisualStudioVersion = 16.0.30204.135
MinimumVisualStudioVersion = 10.0.40219.1
Project("{FAE04EC0-301F-11D3-BF4B-00C04F79EFBC}") = "AzureDevOps.Application", "src\AzureDevOps.Application\AzureDevOps.Application.csproj", "{251423A4-C7D2-4703-9496-01457E3AC2C7}"
EndProject
Global
	GlobalSection(SolutionConfigurationPlatforms) = preSolution
		Debug|Any CPU = Debug|Any CPU
		Release|Any CPU = Release|Any CPU
	EndGlobalSection
	GlobalSection(ProjectConfigurationPlatforms) = postSolution
		{251423A4-C7D2-4703-9496-01457E3AC2C7}.Debug|Any CPU.ActiveCfg = Debug|Any CPU
		{251423A4-C7D2-4703-9496-01457E3AC2C7}.Debug|Any CPU.Build.0 = Debug|Any CPU
		{251423A4-C7D2-4703-9496-01457E3AC2C7}.Release|Any CPU.ActiveCfg = Release|Any CPU
		{251423A4-C7D2-4703-9496-01457E3AC2C7}.Release|Any CPU.Build.0 = Release|Any CPU
	EndGlobalSection
	GlobalSection(SolutionProperties) = preSolution
		HideSolutionNode = FALSE
	EndGlobalSection
	GlobalSection(ExtensibilityGlobals) = postSolution
		SolutionGuid = {E7AA86CD-8201-4945-822F-894786A4B1B4}
	EndGlobalSection
EndGlobal
